
Microsoft Visual Studio Solution File, Format Version 12.00
# Visual Studio Version 17
VisualStudioVersion = 17.14.36623.8 d17.14
MinimumVisualStudioVersion = 10.0.40219.1
Project("{FAE04EC0-301F-11D3-BF4B-00C04F79EFBC}") = "ProjetoPedroLopes", "ProjetoPedroLopes\ProjetoPedroLopes.csproj", "{31E8E968-6E19-4EB9-ABB3-DC884FCF80A7}"
EndProject
Global
	GlobalSection(SolutionConfigurationPlatforms) = preSolution
		Debug|Any CPU = Debug|Any CPU
		Release|Any CPU = Release|Any CPU
	EndGlobalSection
	GlobalSection(ProjectConfigurationPlatforms) = postSolution
		{31E8E968-6E19-4EB9-ABB3-DC884FCF80A7}.Debug|Any CPU.ActiveCfg = Debug|Any CPU
		{31E8E968-6E19-4EB9-ABB3-DC884FCF80A7}.Debug|Any CPU.Build.0 = Debug|Any CPU
		{31E8E968-6E19-4EB9-ABB3-DC884FCF80A7}.Release|Any CPU.ActiveCfg = Release|Any CPU
		{31E8E968-6E19-4EB9-ABB3-DC884FCF80A7}.Release|Any CPU.Build.0 = Release|Any CPU
	EndGlobalSection
	GlobalSection(SolutionProperties) = preSolution
		HideSolutionNode = FALSE
	EndGlobalSection
	GlobalSection(ExtensibilityGlobals) = postSolution
		SolutionGuid = {94BF06C2-D524-4245-9E04-8662DD16F205}
	EndGlobalSection
EndGlobal
